// !$*UTF8*$!
{
	archiveVersion = 1;
	classes = {
	};
	objectVersion = 46;
	objects = {

/* Begin PBXBuildFile section */
		461058E71A5100CC001FCF43 /* main.m in Sources */ = {isa = PBXBuildFile; fileRef = 461058E61A5100CC001FCF43 /* main.m */; };
		461058EA1A5100CC001FCF43 /* AppDelegate.m in Sources */ = {isa = PBXBuildFile; fileRef = 461058E91A5100CC001FCF43 /* AppDelegate.m */; };
		461058ED1A5100CC001FCF43 /* DetailViewController.m in Sources */ = {isa = PBXBuildFile; fileRef = 461058EC1A5100CC001FCF43 /* DetailViewController.m */; };
		461058F01A5100CC001FCF43 /* Main.storyboard in Resources */ = {isa = PBXBuildFile; fileRef = 461058EE1A5100CC001FCF43 /* Main.storyboard */; };
		461058F21A5100CC001FCF43 /* Images.xcassets in Resources */ = {isa = PBXBuildFile; fileRef = 461058F11A5100CC001FCF43 /* Images.xcassets */; };
		461058F51A5100CC001FCF43 /* LaunchScreen.xib in Resources */ = {isa = PBXBuildFile; fileRef = 461058F31A5100CC001FCF43 /* LaunchScreen.xib */; };
		461059011A5100CC001FCF43 /* SwiftLanguageTests.m in Sources */ = {isa = PBXBuildFile; fileRef = 461059001A5100CC001FCF43 /* SwiftLanguageTests.m */; };
		461059991A51419E001FCF43 /* CatalogViewController.m in Sources */ = {isa = PBXBuildFile; fileRef = 461059981A51419E001FCF43 /* CatalogViewController.m */; };
		46105AB31A519DCD001FCF43 /* Catalog.plist in Resources */ = {isa = PBXBuildFile; fileRef = 46105AB21A519DCD001FCF43 /* Catalog.plist */; };
		46105AE41A519EF6001FCF43 /* 101_swift.html in Resources */ = {isa = PBXBuildFile; fileRef = 46105AB51A519EF6001FCF43 /* 101_swift.html */; };
		46105AE51A519EF6001FCF43 /* 102_a_swift_tour.html in Resources */ = {isa = PBXBuildFile; fileRef = 46105AB61A519EF6001FCF43 /* 102_a_swift_tour.html */; };
		46105AE61A519EF6001FCF43 /* 103_revision_history.html in Resources */ = {isa = PBXBuildFile; fileRef = 46105AB71A519EF6001FCF43 /* 103_revision_history.html */; };
		46105AE71A519EF6001FCF43 /* 201_The_Basics.html in Resources */ = {isa = PBXBuildFile; fileRef = 46105AB81A519EF6001FCF43 /* 201_The_Basics.html */; };
		46105AE81A519EF6001FCF43 /* 202_Basic_Operators.html in Resources */ = {isa = PBXBuildFile; fileRef = 46105AB91A519EF6001FCF43 /* 202_Basic_Operators.html */; };
		46105AE91A519EF6001FCF43 /* 203_Strings_and_Characters.html in Resources */ = {isa = PBXBuildFile; fileRef = 46105ABA1A519EF6001FCF43 /* 203_Strings_and_Characters.html */; };
		46105AEA1A519EF6001FCF43 /* 204_Collection_Types.html in Resources */ = {isa = PBXBuildFile; fileRef = 46105ABB1A519EF6001FCF43 /* 204_Collection_Types.html */; };
		46105AEB1A519EF6001FCF43 /* 205_Control_Flow.html in Resources */ = {isa = PBXBuildFile; fileRef = 46105ABC1A519EF6001FCF43 /* 205_Control_Flow.html */; };
		46105AEC1A519EF6001FCF43 /* 206_Functions.html in Resources */ = {isa = PBXBuildFile; fileRef = 46105ABD1A519EF6001FCF43 /* 206_Functions.html */; };
		46105AED1A519EF6001FCF43 /* 207_Closures.html in Resources */ = {isa = PBXBuildFile; fileRef = 46105ABE1A519EF6001FCF43 /* 207_Closures.html */; };
		46105AEE1A519EF6001FCF43 /* 208_Enumerations.html in Resources */ = {isa = PBXBuildFile; fileRef = 46105ABF1A519EF6001FCF43 /* 208_Enumerations.html */; };
		46105AEF1A519EF6001FCF43 /* 209_Classes_and_Structures.html in Resources */ = {isa = PBXBuildFile; fileRef = 46105AC01A519EF6001FCF43 /* 209_Classes_and_Structures.html */; };
		46105AF01A519EF6001FCF43 /* 210_Properties.html in Resources */ = {isa = PBXBuildFile; fileRef = 46105AC11A519EF6001FCF43 /* 210_Properties.html */; };
		46105AF11A519EF6001FCF43 /* 211_Methods.html in Resources */ = {isa = PBXBuildFile; fileRef = 46105AC21A519EF6001FCF43 /* 211_Methods.html */; };
		46105AF21A519EF6001FCF43 /* 212_Subscripts.html in Resources */ = {isa = PBXBuildFile; fileRef = 46105AC31A519EF6001FCF43 /* 212_Subscripts.html */; };
		46105AF31A519EF6001FCF43 /* 213_Inheritance.html in Resources */ = {isa = PBXBuildFile; fileRef = 46105AC41A519EF6001FCF43 /* 213_Inheritance.html */; };
		46105AF41A519EF6001FCF43 /* 214_Initialization.html in Resources */ = {isa = PBXBuildFile; fileRef = 46105AC51A519EF6001FCF43 /* 214_Initialization.html */; };
		46105AF51A519EF6001FCF43 /* 215_Deinitialization.html in Resources */ = {isa = PBXBuildFile; fileRef = 46105AC61A519EF6001FCF43 /* 215_Deinitialization.html */; };
		46105AF61A519EF6001FCF43 /* 216_Automatic_Reference_Counting.html in Resources */ = {isa = PBXBuildFile; fileRef = 46105AC71A519EF6001FCF43 /* 216_Automatic_Reference_Counting.html */; };
		46105AF71A519EF6001FCF43 /* 217_Optional_Chaining.html in Resources */ = {isa = PBXBuildFile; fileRef = 46105AC81A519EF6001FCF43 /* 217_Optional_Chaining.html */; };
		46105AF81A519EF6001FCF43 /* 218_Type_Casting.html in Resources */ = {isa = PBXBuildFile; fileRef = 46105AC91A519EF6001FCF43 /* 218_Type_Casting.html */; };
		46105AF91A519EF6001FCF43 /* 219_Nested_Types.html in Resources */ = {isa = PBXBuildFile; fileRef = 46105ACA1A519EF6001FCF43 /* 219_Nested_Types.html */; };
		46105AFB1A519EF6001FCF43 /* 221_Protocols.html in Resources */ = {isa = PBXBuildFile; fileRef = 46105ACC1A519EF6001FCF43 /* 221_Protocols.html */; };
		46105AFC1A519EF6001FCF43 /* 222_Generics.html in Resources */ = {isa = PBXBuildFile; fileRef = 46105ACD1A519EF6001FCF43 /* 222_Generics.html */; };
		46105AFD1A519EF6001FCF43 /* 223_Access_Control.html in Resources */ = {isa = PBXBuildFile; fileRef = 46105ACE1A519EF6001FCF43 /* 223_Access_Control.html */; };
		46105AFE1A519EF6001FCF43 /* 224_Advanced_Operators.html in Resources */ = {isa = PBXBuildFile; fileRef = 46105ACF1A519EF6001FCF43 /* 224_Advanced_Operators.html */; };
		46105B091A519EF6001FCF43 /* 401_Access_Control.html in Resources */ = {isa = PBXBuildFile; fileRef = 46105ADA1A519EF6001FCF43 /* 401_Access_Control.html */; };
		46105B0A1A519EF6001FCF43 /* 402_Type_Custom.html in Resources */ = {isa = PBXBuildFile; fileRef = 46105ADB1A519EF6001FCF43 /* 402_Type_Custom.html */; };
		46105B0B1A519EF6001FCF43 /* 403_Ballons.html in Resources */ = {isa = PBXBuildFile; fileRef = 46105ADC1A519EF6001FCF43 /* 403_Ballons.html */; };
		46105B0C1A519EF6001FCF43 /* 404_Interacting_with_C_Pointers.html in Resources */ = {isa = PBXBuildFile; fileRef = 46105ADD1A519EF6001FCF43 /* 404_Interacting_with_C_Pointers.html */; };
		46105B0D1A519EF6001FCF43 /* 405_Value_and_Reference_Types.html in Resources */ = {isa = PBXBuildFile; fileRef = 46105ADE1A519EF6001FCF43 /* 405_Value_and_Reference_Types.html */; };
		46105B0E1A519EF6001FCF43 /* 407_Optional_Case_Study.html in Resources */ = {isa = PBXBuildFile; fileRef = 46105ADF1A519EF6001FCF43 /* 407_Optional_Case_Study.html */; };
		46105B0F1A519EF6001FCF43 /* ContentCatalog-.plist in Resources */ = {isa = PBXBuildFile; fileRef = 46105AE01A519EF6001FCF43 /* ContentCatalog-.plist */; };
		46105B101A519EF6001FCF43 /* default.css in Resources */ = {isa = PBXBuildFile; fileRef = 46105AE11A519EF6001FCF43 /* default.css */; };
		46105B111A519EF6001FCF43 /* highlight.pack.js in Resources */ = {isa = PBXBuildFile; fileRef = 46105AE21A519EF6001FCF43 /* highlight.pack.js */; };
		46105B671A51ABE3001FCF43 /* 220_Extensions.html in Resources */ = {isa = PBXBuildFile; fileRef = 46105B651A51ABE3001FCF43 /* 220_Extensions.html */; };
		46105B681A51ABE3001FCF43 /* 406_Access_Control_and_Protected.html in Resources */ = {isa = PBXBuildFile; fileRef = 46105B661A51ABE3001FCF43 /* 406_Access_Control_and_Protected.html */; };
		46105B731A51B21C001FCF43 /* 301_About_the_Language_Reference.html in Resources */ = {isa = PBXBuildFile; fileRef = 46105B691A51B21C001FCF43 /* 301_About_the_Language_Reference.html */; };
		46105B741A51B21C001FCF43 /* 302_Lexical_Structure.html in Resources */ = {isa = PBXBuildFile; fileRef = 46105B6A1A51B21C001FCF43 /* 302_Lexical_Structure.html */; };
		46105B751A51B21C001FCF43 /* 303_Types.html in Resources */ = {isa = PBXBuildFile; fileRef = 46105B6B1A51B21C001FCF43 /* 303_Types.html */; };
		46105B761A51B21C001FCF43 /* 304_Expressions.html in Resources */ = {isa = PBXBuildFile; fileRef = 46105B6C1A51B21C001FCF43 /* 304_Expressions.html */; };
		46105B771A51B21C001FCF43 /* 305_Declarations.html in Resources */ = {isa = PBXBuildFile; fileRef = 46105B6D1A51B21C001FCF43 /* 305_Declarations.html */; };
		46105B781A51B21C001FCF43 /* 306_Attributes.html in Resources */ = {isa = PBXBuildFile; fileRef = 46105B6E1A51B21C001FCF43 /* 306_Attributes.html */; };
		46105B791A51B21C001FCF43 /* 307_Patterns.html in Resources */ = {isa = PBXBuildFile; fileRef = 46105B6F1A51B21C001FCF43 /* 307_Patterns.html */; };
		46105B7A1A51B21C001FCF43 /* 308_Generic_Parameters_and_Arguments.html in Resources */ = {isa = PBXBuildFile; fileRef = 46105B701A51B21C001FCF43 /* 308_Generic_Parameters_and_Arguments.html */; };
		46105B7B1A51B21C001FCF43 /* 309_Summary_of_the_Grammar.html in Resources */ = {isa = PBXBuildFile; fileRef = 46105B711A51B21C001FCF43 /* 309_Summary_of_the_Grammar.html */; };
		46105B7C1A51B21C001FCF43 /* 310_Statements.html in Resources */ = {isa = PBXBuildFile; fileRef = 46105B721A51B21C001FCF43 /* 310_Statements.html */; };
/* End PBXBuildFile section */

/* Begin PBXContainerItemProxy section */
		461058FB1A5100CC001FCF43 /* PBXContainerItemProxy */ = {
			isa = PBXContainerItemProxy;
			containerPortal = 461058D91A5100CC001FCF43 /* Project object */;
			proxyType = 1;
			remoteGlobalIDString = 461058E01A5100CC001FCF43;
			remoteInfo = SwiftLanguage;
		};
/* End PBXContainerItemProxy section */

/* Begin PBXFileReference section */
		461058E11A5100CC001FCF43 /* SwiftLanguage.app */ = {isa = PBXFileReference; explicitFileType = wrapper.application; includeInIndex = 0; path = SwiftLanguage.app; sourceTree = BUILT_PRODUCTS_DIR; };
		461058E51A5100CC001FCF43 /* Info.plist */ = {isa = PBXFileReference; lastKnownFileType = text.plist.xml; path = Info.plist; sourceTree = "<group>"; };
		461058E61A5100CC001FCF43 /* main.m */ = {isa = PBXFileReference; lastKnownFileType = sourcecode.c.objc; path = main.m; sourceTree = "<group>"; };
		461058E81A5100CC001FCF43 /* AppDelegate.h */ = {isa = PBXFileReference; lastKnownFileType = sourcecode.c.h; path = AppDelegate.h; sourceTree = "<group>"; };
		461058E91A5100CC001FCF43 /* AppDelegate.m */ = {isa = PBXFileReference; lastKnownFileType = sourcecode.c.objc; path = AppDelegate.m; sourceTree = "<group>"; };
		461058EB1A5100CC001FCF43 /* DetailViewController.h */ = {isa = PBXFileReference; lastKnownFileType = sourcecode.c.h; path = DetailViewController.h; sourceTree = "<group>"; };
		461058EC1A5100CC001FCF43 /* DetailViewController.m */ = {isa = PBXFileReference; lastKnownFileType = sourcecode.c.objc; path = DetailViewController.m; sourceTree = "<group>"; };
		461058EF1A5100CC001FCF43 /* Base */ = {isa = PBXFileReference; lastKnownFileType = file.storyboard; name = Base; path = Base.lproj/Main.storyboard; sourceTree = "<group>"; };
		461058F11A5100CC001FCF43 /* Images.xcassets */ = {isa = PBXFileReference; lastKnownFileType = folder.assetcatalog; path = Images.xcassets; sourceTree = "<group>"; };
		461058F41A5100CC001FCF43 /* Base */ = {isa = PBXFileReference; lastKnownFileType = file.xib; name = Base; path = Base.lproj/LaunchScreen.xib; sourceTree = "<group>"; };
		461058FA1A5100CC001FCF43 /* SwiftLanguageTests.xctest */ = {isa = PBXFileReference; explicitFileType = wrapper.cfbundle; includeInIndex = 0; path = SwiftLanguageTests.xctest; sourceTree = BUILT_PRODUCTS_DIR; };
		461058FF1A5100CC001FCF43 /* Info.plist */ = {isa = PBXFileReference; lastKnownFileType = text.plist.xml; path = Info.plist; sourceTree = "<group>"; };
		461059001A5100CC001FCF43 /* SwiftLanguageTests.m */ = {isa = PBXFileReference; lastKnownFileType = sourcecode.c.objc; path = SwiftLanguageTests.m; sourceTree = "<group>"; };
		461059971A51419E001FCF43 /* CatalogViewController.h */ = {isa = PBXFileReference; fileEncoding = 4; lastKnownFileType = sourcecode.c.h; path = CatalogViewController.h; sourceTree = "<group>"; };
		461059981A51419E001FCF43 /* CatalogViewController.m */ = {isa = PBXFileReference; fileEncoding = 4; lastKnownFileType = sourcecode.c.objc; path = CatalogViewController.m; sourceTree = "<group>"; };
		46105AB21A519DCD001FCF43 /* Catalog.plist */ = {isa = PBXFileReference; fileEncoding = 4; lastKnownFileType = text.plist.xml; path = Catalog.plist; sourceTree = "<group>"; };
		46105AB51A519EF6001FCF43 /* 101_swift.html */ = {isa = PBXFileReference; fileEncoding = 4; lastKnownFileType = text.html; path = 101_swift.html; sourceTree = "<group>"; };
		46105AB61A519EF6001FCF43 /* 102_a_swift_tour.html */ = {isa = PBXFileReference; fileEncoding = 4; lastKnownFileType = text.html; path = 102_a_swift_tour.html; sourceTree = "<group>"; };
		46105AB71A519EF6001FCF43 /* 103_revision_history.html */ = {isa = PBXFileReference; fileEncoding = 4; lastKnownFileType = text.html; path = 103_revision_history.html; sourceTree = "<group>"; };
		46105AB81A519EF6001FCF43 /* 201_The_Basics.html */ = {isa = PBXFileReference; fileEncoding = 4; lastKnownFileType = text.html; path = 201_The_Basics.html; sourceTree = "<group>"; };
		46105AB91A519EF6001FCF43 /* 202_Basic_Operators.html */ = {isa = PBXFileReference; fileEncoding = 4; lastKnownFileType = text.html; path = 202_Basic_Operators.html; sourceTree = "<group>"; };
		46105ABA1A519EF6001FCF43 /* 203_Strings_and_Characters.html */ = {isa = PBXFileReference; fileEncoding = 4; lastKnownFileType = text.html; path = 203_Strings_and_Characters.html; sourceTree = "<group>"; };
		46105ABB1A519EF6001FCF43 /* 204_Collection_Types.html */ = {isa = PBXFileReference; fileEncoding = 4; lastKnownFileType = text.html; path = 204_Collection_Types.html; sourceTree = "<group>"; };
		46105ABC1A519EF6001FCF43 /* 205_Control_Flow.html */ = {isa = PBXFileReference; fileEncoding = 4; lastKnownFileType = text.html; path = 205_Control_Flow.html; sourceTree = "<group>"; };
		46105ABD1A519EF6001FCF43 /* 206_Functions.html */ = {isa = PBXFileReference; fileEncoding = 4; lastKnownFileType = text.html; path = 206_Functions.html; sourceTree = "<group>"; };
		46105ABE1A519EF6001FCF43 /* 207_Closures.html */ = {isa = PBXFileReference; fileEncoding = 4; lastKnownFileType = text.html; path = 207_Closures.html; sourceTree = "<group>"; };
		46105ABF1A519EF6001FCF43 /* 208_Enumerations.html */ = {isa = PBXFileReference; fileEncoding = 4; lastKnownFileType = text.html; path = 208_Enumerations.html; sourceTree = "<group>"; };
		46105AC01A519EF6001FCF43 /* 209_Classes_and_Structures.html */ = {isa = PBXFileReference; fileEncoding = 4; lastKnownFileType = text.html; path = 209_Classes_and_Structures.html; sourceTree = "<group>"; };
		46105AC11A519EF6001FCF43 /* 210_Properties.html */ = {isa = PBXFileReference; fileEncoding = 4; lastKnownFileType = text.html; path = 210_Properties.html; sourceTree = "<group>"; };
		46105AC21A519EF6001FCF43 /* 211_Methods.html */ = {isa = PBXFileReference; fileEncoding = 4; lastKnownFileType = text.html; path = 211_Methods.html; sourceTree = "<group>"; };
		46105AC31A519EF6001FCF43 /* 212_Subscripts.html */ = {isa = PBXFileReference; fileEncoding = 4; lastKnownFileType = text.html; path = 212_Subscripts.html; sourceTree = "<group>"; };
		46105AC41A519EF6001FCF43 /* 213_Inheritance.html */ = {isa = PBXFileReference; fileEncoding = 4; lastKnownFileType = text.html; path = 213_Inheritance.html; sourceTree = "<group>"; };
		46105AC51A519EF6001FCF43 /* 214_Initialization.html */ = {isa = PBXFileReference; fileEncoding = 4; lastKnownFileType = text.html; path = 214_Initialization.html; sourceTree = "<group>"; };
		46105AC61A519EF6001FCF43 /* 215_Deinitialization.html */ = {isa = PBXFileReference; fileEncoding = 4; lastKnownFileType = text.html; path = 215_Deinitialization.html; sourceTree = "<group>"; };
		46105AC71A519EF6001FCF43 /* 216_Automatic_Reference_Counting.html */ = {isa = PBXFileReference; fileEncoding = 4; lastKnownFileType = text.html; path = 216_Automatic_Reference_Counting.html; sourceTree = "<group>"; };
		46105AC81A519EF6001FCF43 /* 217_Optional_Chaining.html */ = {isa = PBXFileReference; fileEncoding = 4; lastKnownFileType = text.html; path = 217_Optional_Chaining.html; sourceTree = "<group>"; };
		46105AC91A519EF6001FCF43 /* 218_Type_Casting.html */ = {isa = PBXFileReference; fileEncoding = 4; lastKnownFileType = text.html; path = 218_Type_Casting.html; sourceTree = "<group>"; };
		46105ACA1A519EF6001FCF43 /* 219_Nested_Types.html */ = {isa = PBXFileReference; fileEncoding = 4; lastKnownFileType = text.html; path = 219_Nested_Types.html; sourceTree = "<group>"; };
		46105ACC1A519EF6001FCF43 /* 221_Protocols.html */ = {isa = PBXFileReference; fileEncoding = 4; lastKnownFileType = text.html; path = 221_Protocols.html; sourceTree = "<group>"; };
		46105ACD1A519EF6001FCF43 /* 222_Generics.html */ = {isa = PBXFileReference; fileEncoding = 4; lastKnownFileType = text.html; path = 222_Generics.html; sourceTree = "<group>"; };
		46105ACE1A519EF6001FCF43 /* 223_Access_Control.html */ = {isa = PBXFileReference; fileEncoding = 4; lastKnownFileType = text.html; path = 223_Access_Control.html; sourceTree = "<group>"; };
		46105ACF1A519EF6001FCF43 /* 224_Advanced_Operators.html */ = {isa = PBXFileReference; fileEncoding = 4; lastKnownFileType = text.html; path = 224_Advanced_Operators.html; sourceTree = "<group>"; };
		46105ADA1A519EF6001FCF43 /* 401_Access_Control.html */ = {isa = PBXFileReference; fileEncoding = 4; lastKnownFileType = text.html; path = 401_Access_Control.html; sourceTree = "<group>"; };
		46105ADB1A519EF6001FCF43 /* 402_Type_Custom.html */ = {isa = PBXFileReference; fileEncoding = 4; lastKnownFileType = text.html; path = 402_Type_Custom.html; sourceTree = "<group>"; };
		46105ADC1A519EF6001FCF43 /* 403_Ballons.html */ = {isa = PBXFileReference; fileEncoding = 4; lastKnownFileType = text.html; path = 403_Ballons.html; sourceTree = "<group>"; };
		46105ADD1A519EF6001FCF43 /* 404_Interacting_with_C_Pointers.html */ = {isa = PBXFileReference; fileEncoding = 4; lastKnownFileType = text.html; path = 404_Interacting_with_C_Pointers.html; sourceTree = "<group>"; };
		46105ADE1A519EF6001FCF43 /* 405_Value_and_Reference_Types.html */ = {isa = PBXFileReference; fileEncoding = 4; lastKnownFileType = text.html; path = 405_Value_and_Reference_Types.html; sourceTree = "<group>"; };
		46105ADF1A519EF6001FCF43 /* 407_Optional_Case_Study.html */ = {isa = PBXFileReference; fileEncoding = 4; lastKnownFileType = text.html; path = 407_Optional_Case_Study.html; sourceTree = "<group>"; };
		46105AE01A519EF6001FCF43 /* ContentCatalog-.plist */ = {isa = PBXFileReference; fileEncoding = 4; lastKnownFileType = text.plist.xml; path = "ContentCatalog-.plist"; sourceTree = "<group>"; };
		46105AE11A519EF6001FCF43 /* default.css */ = {isa = PBXFileReference; fileEncoding = 4; lastKnownFileType = text.css; path = default.css; sourceTree = "<group>"; };
		46105AE21A519EF6001FCF43 /* highlight.pack.js */ = {isa = PBXFileReference; fileEncoding = 4; lastKnownFileType = sourcecode.javascript; path = highlight.pack.js; sourceTree = "<group>"; };
		46105B651A51ABE3001FCF43 /* 220_Extensions.html */ = {isa = PBXFileReference; fileEncoding = 4; lastKnownFileType = text.html; path = 220_Extensions.html; sourceTree = "<group>"; };
		46105B661A51ABE3001FCF43 /* 406_Access_Control_and_Protected.html */ = {isa = PBXFileReference; fileEncoding = 4; lastKnownFileType = text.html; path = 406_Access_Control_and_Protected.html; sourceTree = "<group>"; };
		46105B691A51B21C001FCF43 /* 301_About_the_Language_Reference.html */ = {isa = PBXFileReference; fileEncoding = 4; lastKnownFileType = text.html; path = 301_About_the_Language_Reference.html; sourceTree = "<group>"; };
		46105B6A1A51B21C001FCF43 /* 302_Lexical_Structure.html */ = {isa = PBXFileReference; fileEncoding = 4; lastKnownFileType = text.html; path = 302_Lexical_Structure.html; sourceTree = "<group>"; };
		46105B6B1A51B21C001FCF43 /* 303_Types.html */ = {isa = PBXFileReference; fileEncoding = 4; lastKnownFileType = text.html; path = 303_Types.html; sourceTree = "<group>"; };
		46105B6C1A51B21C001FCF43 /* 304_Expressions.html */ = {isa = PBXFileReference; fileEncoding = 4; lastKnownFileType = text.html; path = 304_Expressions.html; sourceTree = "<group>"; };
		46105B6D1A51B21C001FCF43 /* 305_Declarations.html */ = {isa = PBXFileReference; fileEncoding = 4; lastKnownFileType = text.html; path = 305_Declarations.html; sourceTree = "<group>"; };
		46105B6E1A51B21C001FCF43 /* 306_Attributes.html */ = {isa = PBXFileReference; fileEncoding = 4; lastKnownFileType = text.html; path = 306_Attributes.html; sourceTree = "<group>"; };
		46105B6F1A51B21C001FCF43 /* 307_Patterns.html */ = {isa = PBXFileReference; fileEncoding = 4; lastKnownFileType = text.html; path = 307_Patterns.html; sourceTree = "<group>"; };
		46105B701A51B21C001FCF43 /* 308_Generic_Parameters_and_Arguments.html */ = {isa = PBXFileReference; fileEncoding = 4; lastKnownFileType = text.html; path = 308_Generic_Parameters_and_Arguments.html; sourceTree = "<group>"; };
		46105B711A51B21C001FCF43 /* 309_Summary_of_the_Grammar.html */ = {isa = PBXFileReference; fileEncoding = 4; lastKnownFileType = text.html; path = 309_Summary_of_the_Grammar.html; sourceTree = "<group>"; };
		46105B721A51B21C001FCF43 /* 310_Statements.html */ = {isa = PBXFileReference; fileEncoding = 4; lastKnownFileType = text.html; path = 310_Statements.html; sourceTree = "<group>"; };
/* End PBXFileReference section */

/* Begin PBXFrameworksBuildPhase section */
		461058DE1A5100CC001FCF43 /* Frameworks */ = {
			isa = PBXFrameworksBuildPhase;
			buildActionMask = 2147483647;
			files = (
			);
			runOnlyForDeploymentPostprocessing = 0;
		};
		461058F71A5100CC001FCF43 /* Frameworks */ = {
			isa = PBXFrameworksBuildPhase;
			buildActionMask = 2147483647;
			files = (
			);
			runOnlyForDeploymentPostprocessing = 0;
		};
/* End PBXFrameworksBuildPhase section */

/* Begin PBXGroup section */
		461058D81A5100CC001FCF43 = {
			isa = PBXGroup;
			children = (
				461058E31A5100CC001FCF43 /* SwiftLanguage */,
				461058FD1A5100CC001FCF43 /* SwiftLanguageTests */,
				461058E21A5100CC001FCF43 /* Products */,
			);
			sourceTree = "<group>";
		};
		461058E21A5100CC001FCF43 /* Products */ = {
			isa = PBXGroup;
			children = (
				461058E11A5100CC001FCF43 /* SwiftLanguage.app */,
				461058FA1A5100CC001FCF43 /* SwiftLanguageTests.xctest */,
			);
			name = Products;
			sourceTree = "<group>";
		};
		461058E31A5100CC001FCF43 /* SwiftLanguage */ = {
			isa = PBXGroup;
			children = (
				461058E81A5100CC001FCF43 /* AppDelegate.h */,
				461058E91A5100CC001FCF43 /* AppDelegate.m */,
				461059971A51419E001FCF43 /* CatalogViewController.h */,
				461059981A51419E001FCF43 /* CatalogViewController.m */,
				461058EB1A5100CC001FCF43 /* DetailViewController.h */,
				461058EC1A5100CC001FCF43 /* DetailViewController.m */,
				46105AB21A519DCD001FCF43 /* Catalog.plist */,
				461058EE1A5100CC001FCF43 /* Main.storyboard */,
				46105AB41A519EF6001FCF43 /* Source */,
				461058F11A5100CC001FCF43 /* Images.xcassets */,
				461058F31A5100CC001FCF43 /* LaunchScreen.xib */,
				461058E41A5100CC001FCF43 /* Supporting Files */,
			);
			path = SwiftLanguage;
			sourceTree = "<group>";
		};
		461058E41A5100CC001FCF43 /* Supporting Files */ = {
			isa = PBXGroup;
			children = (
				461058E51A5100CC001FCF43 /* Info.plist */,
				461058E61A5100CC001FCF43 /* main.m */,
			);
			name = "Supporting Files";
			sourceTree = "<group>";
		};
		461058FD1A5100CC001FCF43 /* SwiftLanguageTests */ = {
			isa = PBXGroup;
			children = (
				461059001A5100CC001FCF43 /* SwiftLanguageTests.m */,
				461058FE1A5100CC001FCF43 /* Supporting Files */,
			);
			path = SwiftLanguageTests;
			sourceTree = "<group>";
		};
		461058FE1A5100CC001FCF43 /* Supporting Files */ = {
			isa = PBXGroup;
			children = (
				461058FF1A5100CC001FCF43 /* Info.plist */,
			);
			name = "Supporting Files";
			sourceTree = "<group>";
		};
		46105AB41A519EF6001FCF43 /* Source */ = {
			isa = PBXGroup;
			children = (
				46105AB51A519EF6001FCF43 /* 101_swift.html */,
				46105AB61A519EF6001FCF43 /* 102_a_swift_tour.html */,
				46105AB71A519EF6001FCF43 /* 103_revision_history.html */,
				46105AB81A519EF6001FCF43 /* 201_The_Basics.html */,
				46105AB91A519EF6001FCF43 /* 202_Basic_Operators.html */,
				46105ABA1A519EF6001FCF43 /* 203_Strings_and_Characters.html */,
				46105ABB1A519EF6001FCF43 /* 204_Collection_Types.html */,
				46105ABC1A519EF6001FCF43 /* 205_Control_Flow.html */,
				46105ABD1A519EF6001FCF43 /* 206_Functions.html */,
				46105ABE1A519EF6001FCF43 /* 207_Closures.html */,
				46105ABF1A519EF6001FCF43 /* 208_Enumerations.html */,
				46105AC01A519EF6001FCF43 /* 209_Classes_and_Structures.html */,
				46105AC11A519EF6001FCF43 /* 210_Properties.html */,
				46105AC21A519EF6001FCF43 /* 211_Methods.html */,
				46105AC31A519EF6001FCF43 /* 212_Subscripts.html */,
				46105AC41A519EF6001FCF43 /* 213_Inheritance.html */,
				46105AC51A519EF6001FCF43 /* 214_Initialization.html */,
				46105AC61A519EF6001FCF43 /* 215_Deinitialization.html */,
				46105AC71A519EF6001FCF43 /* 216_Automatic_Reference_Counting.html */,
				46105AC81A519EF6001FCF43 /* 217_Optional_Chaining.html */,
				46105AC91A519EF6001FCF43 /* 218_Type_Casting.html */,
				46105ACA1A519EF6001FCF43 /* 219_Nested_Types.html */,
				46105B651A51ABE3001FCF43 /* 220_Extensions.html */,
				46105ACC1A519EF6001FCF43 /* 221_Protocols.html */,
				46105ACD1A519EF6001FCF43 /* 222_Generics.html */,
				46105ACE1A519EF6001FCF43 /* 223_Access_Control.html */,
				46105ACF1A519EF6001FCF43 /* 224_Advanced_Operators.html */,
				46105B691A51B21C001FCF43 /* 301_About_the_Language_Reference.html */,
				46105B6A1A51B21C001FCF43 /* 302_Lexical_Structure.html */,
				46105B6B1A51B21C001FCF43 /* 303_Types.html */,
				46105B6C1A51B21C001FCF43 /* 304_Expressions.html */,
				46105B6D1A51B21C001FCF43 /* 305_Declarations.html */,
				46105B6E1A51B21C001FCF43 /* 306_Attributes.html */,
				46105B6F1A51B21C001FCF43 /* 307_Patterns.html */,
				46105B701A51B21C001FCF43 /* 308_Generic_Parameters_and_Arguments.html */,
				46105B711A51B21C001FCF43 /* 309_Summary_of_the_Grammar.html */,
				46105B721A51B21C001FCF43 /* 310_Statements.html */,
				46105ADA1A519EF6001FCF43 /* 401_Access_Control.html */,
				46105ADB1A519EF6001FCF43 /* 402_Type_Custom.html */,
				46105ADC1A519EF6001FCF43 /* 403_Ballons.html */,
				46105ADD1A519EF6001FCF43 /* 404_Interacting_with_C_Pointers.html */,
				46105ADE1A519EF6001FCF43 /* 405_Value_and_Reference_Types.html */,
				46105B661A51ABE3001FCF43 /* 406_Access_Control_and_Protected.html */,
				46105ADF1A519EF6001FCF43 /* 407_Optional_Case_Study.html */,
				46105AE01A519EF6001FCF43 /* ContentCatalog-.plist */,
				46105AE11A519EF6001FCF43 /* default.css */,
				46105AE21A519EF6001FCF43 /* highlight.pack.js */,
			);
			path = Source;
			sourceTree = "<group>";
		};
/* End PBXGroup section */

/* Begin PBXNativeTarget section */
		461058E01A5100CC001FCF43 /* SwiftLanguage */ = {
			isa = PBXNativeTarget;
			buildConfigurationList = 461059041A5100CC001FCF43 /* Build configuration list for PBXNativeTarget "SwiftLanguage" */;
			buildPhases = (
				461058DD1A5100CC001FCF43 /* Sources */,
				461058DE1A5100CC001FCF43 /* Frameworks */,
				461058DF1A5100CC001FCF43 /* Resources */,
			);
			buildRules = (
			);
			dependencies = (
			);
			name = SwiftLanguage;
			productName = SwiftLanguage;
			productReference = 461058E11A5100CC001FCF43 /* SwiftLanguage.app */;
			productType = "com.apple.product-type.application";
		};
		461058F91A5100CC001FCF43 /* SwiftLanguageTests */ = {
			isa = PBXNativeTarget;
			buildConfigurationList = 461059071A5100CC001FCF43 /* Build configuration list for PBXNativeTarget "SwiftLanguageTests" */;
			buildPhases = (
				461058F61A5100CC001FCF43 /* Sources */,
				461058F71A5100CC001FCF43 /* Frameworks */,
				461058F81A5100CC001FCF43 /* Resources */,
			);
			buildRules = (
			);
			dependencies = (
				461058FC1A5100CC001FCF43 /* PBXTargetDependency */,
			);
			name = SwiftLanguageTests;
			productName = SwiftLanguageTests;
			productReference = 461058FA1A5100CC001FCF43 /* SwiftLanguageTests.xctest */;
			productType = "com.apple.product-type.bundle.unit-test";
		};
/* End PBXNativeTarget section */

/* Begin PBXProject section */
		461058D91A5100CC001FCF43 /* Project object */ = {
			isa = PBXProject;
			attributes = {
				LastUpgradeCheck = 0610;
				ORGANIZATIONNAME = Foobar;
				TargetAttributes = {
					461058E01A5100CC001FCF43 = {
						CreatedOnToolsVersion = 6.1.1;
					};
					461058F91A5100CC001FCF43 = {
						CreatedOnToolsVersion = 6.1.1;
						TestTargetID = 461058E01A5100CC001FCF43;
					};
				};
			};
			buildConfigurationList = 461058DC1A5100CC001FCF43 /* Build configuration list for PBXProject "SwiftLanguage" */;
			compatibilityVersion = "Xcode 3.2";
			developmentRegion = English;
			hasScannedForEncodings = 0;
			knownRegions = (
				en,
				Base,
			);
			mainGroup = 461058D81A5100CC001FCF43;
			productRefGroup = 461058E21A5100CC001FCF43 /* Products */;
			projectDirPath = "";
			projectRoot = "";
			targets = (
				461058E01A5100CC001FCF43 /* SwiftLanguage */,
				461058F91A5100CC001FCF43 /* SwiftLanguageTests */,
			);
		};
/* End PBXProject section */

/* Begin PBXResourcesBuildPhase section */
		461058DF1A5100CC001FCF43 /* Resources */ = {
			isa = PBXResourcesBuildPhase;
			buildActionMask = 2147483647;
			files = (
				46105AF51A519EF6001FCF43 /* 215_Deinitialization.html in Resources */,
				46105AF91A519EF6001FCF43 /* 219_Nested_Types.html in Resources */,
				46105AE81A519EF6001FCF43 /* 202_Basic_Operators.html in Resources */,
				46105AE91A519EF6001FCF43 /* 203_Strings_and_Characters.html in Resources */,
				46105B0B1A519EF6001FCF43 /* 403_Ballons.html in Resources */,
				46105AF61A519EF6001FCF43 /* 216_Automatic_Reference_Counting.html in Resources */,
				46105AFC1A519EF6001FCF43 /* 222_Generics.html in Resources */,
				461058F01A5100CC001FCF43 /* Main.storyboard in Resources */,
				46105B0F1A519EF6001FCF43 /* ContentCatalog-.plist in Resources */,
				46105AB31A519DCD001FCF43 /* Catalog.plist in Resources */,
				46105AEB1A519EF6001FCF43 /* 205_Control_Flow.html in Resources */,
				46105B671A51ABE3001FCF43 /* 220_Extensions.html in Resources */,
				46105B681A51ABE3001FCF43 /* 406_Access_Control_and_Protected.html in Resources */,
				46105B111A519EF6001FCF43 /* highlight.pack.js in Resources */,
				46105AFE1A519EF6001FCF43 /* 224_Advanced_Operators.html in Resources */,
				46105B761A51B21C001FCF43 /* 304_Expressions.html in Resources */,
				46105B741A51B21C001FCF43 /* 302_Lexical_Structure.html in Resources */,
				46105AEC1A519EF6001FCF43 /* 206_Functions.html in Resources */,
				46105AFB1A519EF6001FCF43 /* 221_Protocols.html in Resources */,
				46105AF41A519EF6001FCF43 /* 214_Initialization.html in Resources */,
				46105AE71A519EF6001FCF43 /* 201_The_Basics.html in Resources */,
				46105B0E1A519EF6001FCF43 /* 407_Optional_Case_Study.html in Resources */,
				461058F51A5100CC001FCF43 /* LaunchScreen.xib in Resources */,
				46105AE51A519EF6001FCF43 /* 102_a_swift_tour.html in Resources */,
				46105B751A51B21C001FCF43 /* 303_Types.html in Resources */,
				46105B7B1A51B21C001FCF43 /* 309_Summary_of_the_Grammar.html in Resources */,
				46105AF71A519EF6001FCF43 /* 217_Optional_Chaining.html in Resources */,
				46105B0A1A519EF6001FCF43 /* 402_Type_Custom.html in Resources */,
				46105B781A51B21C001FCF43 /* 306_Attributes.html in Resources */,
				461058F21A5100CC001FCF43 /* Images.xcassets in Resources */,
				46105AEE1A519EF6001FCF43 /* 208_Enumerations.html in Resources */,
				46105B791A51B21C001FCF43 /* 307_Patterns.html in Resources */,
				46105AF21A519EF6001FCF43 /* 212_Subscripts.html in Resources */,
				46105B0C1A519EF6001FCF43 /* 404_Interacting_with_C_Pointers.html in Resources */,
				46105AF31A519EF6001FCF43 /* 213_Inheritance.html in Resources */,
				46105AEF1A519EF6001FCF43 /* 209_Classes_and_Structures.html in Resources */,
				46105B0D1A519EF6001FCF43 /* 405_Value_and_Reference_Types.html in Resources */,
				46105B101A519EF6001FCF43 /* default.css in Resources */,
				46105AEA1A519EF6001FCF43 /* 204_Collection_Types.html in Resources */,
				46105AFD1A519EF6001FCF43 /* 223_Access_Control.html in Resources */,
				46105AF81A519EF6001FCF43 /* 218_Type_Casting.html in Resources */,
				46105AED1A519EF6001FCF43 /* 207_Closures.html in Resources */,
				46105AF01A519EF6001FCF43 /* 210_Properties.html in Resources */,
				46105B771A51B21C001FCF43 /* 305_Declarations.html in Resources */,
				46105B091A519EF6001FCF43 /* 401_Access_Control.html in Resources */,
				46105B7A1A51B21C001FCF43 /* 308_Generic_Parameters_and_Arguments.html in Resources */,
				46105AF11A519EF6001FCF43 /* 211_Methods.html in Resources */,
				46105B731A51B21C001FCF43 /* 301_About_the_Language_Reference.html in Resources */,
				46105AE41A519EF6001FCF43 /* 101_swift.html in Resources */,
				46105B7C1A51B21C001FCF43 /* 310_Statements.html in Resources */,
				46105AE61A519EF6001FCF43 /* 103_revision_history.html in Resources */,
			);
			runOnlyForDeploymentPostprocessing = 0;
		};
		461058F81A5100CC001FCF43 /* Resources */ = {
			isa = PBXResourcesBuildPhase;
			buildActionMask = 2147483647;
			files = (
			);
			runOnlyForDeploymentPostprocessing = 0;
		};
/* End PBXResourcesBuildPhase section */

/* Begin PBXSourcesBuildPhase section */
		461058DD1A5100CC001FCF43 /* Sources */ = {
			isa = PBXSourcesBuildPhase;
			buildActionMask = 2147483647;
			files = (
				461059991A51419E001FCF43 /* CatalogViewController.m in Sources */,
				461058ED1A5100CC001FCF43 /* DetailViewController.m in Sources */,
				461058EA1A5100CC001FCF43 /* AppDelegate.m in Sources */,
				461058E71A5100CC001FCF43 /* main.m in Sources */,
			);
			runOnlyForDeploymentPostprocessing = 0;
		};
		461058F61A5100CC001FCF43 /* Sources */ = {
			isa = PBXSourcesBuildPhase;
			buildActionMask = 2147483647;
			files = (
				461059011A5100CC001FCF43 /* SwiftLanguageTests.m in Sources */,
			);
			runOnlyForDeploymentPostprocessing = 0;
		};
/* End PBXSourcesBuildPhase section */

/* Begin PBXTargetDependency section */
		461058FC1A5100CC001FCF43 /* PBXTargetDependency */ = {
			isa = PBXTargetDependency;
			target = 461058E01A5100CC001FCF43 /* SwiftLanguage */;
			targetProxy = 461058FB1A5100CC001FCF43 /* PBXContainerItemProxy */;
		};
/* End PBXTargetDependency section */

/* Begin PBXVariantGroup section */
		461058EE1A5100CC001FCF43 /* Main.storyboard */ = {
			isa = PBXVariantGroup;
			children = (
				461058EF1A5100CC001FCF43 /* Base */,
			);
			name = Main.storyboard;
			sourceTree = "<group>";
		};
		461058F31A5100CC001FCF43 /* LaunchScreen.xib */ = {
			isa = PBXVariantGroup;
			children = (
				461058F41A5100CC001FCF43 /* Base */,
			);
			name = LaunchScreen.xib;
			sourceTree = "<group>";
		};
/* End PBXVariantGroup section */

/* Begin XCBuildConfiguration section */
		461059021A5100CC001FCF43 /* Debug */ = {
			isa = XCBuildConfiguration;
			buildSettings = {
				ALWAYS_SEARCH_USER_PATHS = NO;
				CLANG_CXX_LANGUAGE_STANDARD = "gnu++0x";
				CLANG_CXX_LIBRARY = "libc++";
				CLANG_ENABLE_MODULES = YES;
				CLANG_ENABLE_OBJC_ARC = YES;
				CLANG_WARN_BOOL_CONVERSION = YES;
				CLANG_WARN_CONSTANT_CONVERSION = YES;
				CLANG_WARN_DIRECT_OBJC_ISA_USAGE = YES_ERROR;
				CLANG_WARN_EMPTY_BODY = YES;
				CLANG_WARN_ENUM_CONVERSION = YES;
				CLANG_WARN_INT_CONVERSION = YES;
				CLANG_WARN_OBJC_ROOT_CLASS = YES_ERROR;
				CLANG_WARN_UNREACHABLE_CODE = YES;
				CLANG_WARN__DUPLICATE_METHOD_MATCH = YES;
				"CODE_SIGN_IDENTITY[sdk=iphoneos*]" = "iPhone Developer";
				COPY_PHASE_STRIP = NO;
				ENABLE_STRICT_OBJC_MSGSEND = YES;
				GCC_C_LANGUAGE_STANDARD = gnu99;
				GCC_DYNAMIC_NO_PIC = NO;
				GCC_OPTIMIZATION_LEVEL = 0;
				GCC_PREPROCESSOR_DEFINITIONS = (
					"DEBUG=1",
					"$(inherited)",
				);
				GCC_SYMBOLS_PRIVATE_EXTERN = NO;
				GCC_WARN_64_TO_32_BIT_CONVERSION = YES;
				GCC_WARN_ABOUT_RETURN_TYPE = YES_ERROR;
				GCC_WARN_UNDECLARED_SELECTOR = YES;
				GCC_WARN_UNINITIALIZED_AUTOS = YES_AGGRESSIVE;
				GCC_WARN_UNUSED_FUNCTION = YES;
				GCC_WARN_UNUSED_VARIABLE = YES;
				IPHONEOS_DEPLOYMENT_TARGET = 8.1;
				MTL_ENABLE_DEBUG_INFO = YES;
				ONLY_ACTIVE_ARCH = YES;
				SDKROOT = iphoneos;
			};
			name = Debug;
		};
		461059031A5100CC001FCF43 /* Release */ = {
			isa = XCBuildConfiguration;
			buildSettings = {
				ALWAYS_SEARCH_USER_PATHS = NO;
				CLANG_CXX_LANGUAGE_STANDARD = "gnu++0x";
				CLANG_CXX_LIBRARY = "libc++";
				CLANG_ENABLE_MODULES = YES;
				CLANG_ENABLE_OBJC_ARC = YES;
				CLANG_WARN_BOOL_CONVERSION = YES;
				CLANG_WARN_CONSTANT_CONVERSION = YES;
				CLANG_WARN_DIRECT_OBJC_ISA_USAGE = YES_ERROR;
				CLANG_WARN_EMPTY_BODY = YES;
				CLANG_WARN_ENUM_CONVERSION = YES;
				CLANG_WARN_INT_CONVERSION = YES;
				CLANG_WARN_OBJC_ROOT_CLASS = YES_ERROR;
				CLANG_WARN_UNREACHABLE_CODE = YES;
				CLANG_WARN__DUPLICATE_METHOD_MATCH = YES;
				"CODE_SIGN_IDENTITY[sdk=iphoneos*]" = "iPhone Developer";
				COPY_PHASE_STRIP = YES;
				ENABLE_NS_ASSERTIONS = NO;
				ENABLE_STRICT_OBJC_MSGSEND = YES;
				GCC_C_LANGUAGE_STANDARD = gnu99;
				GCC_WARN_64_TO_32_BIT_CONVERSION = YES;
				GCC_WARN_ABOUT_RETURN_TYPE = YES_ERROR;
				GCC_WARN_UNDECLARED_SELECTOR = YES;
				GCC_WARN_UNINITIALIZED_AUTOS = YES_AGGRESSIVE;
				GCC_WARN_UNUSED_FUNCTION = YES;
				GCC_WARN_UNUSED_VARIABLE = YES;
				IPHONEOS_DEPLOYMENT_TARGET = 8.1;
				MTL_ENABLE_DEBUG_INFO = NO;
				SDKROOT = iphoneos;
				VALIDATE_PRODUCT = YES;
			};
			name = Release;
		};
		461059051A5100CC001FCF43 /* Debug */ = {
			isa = XCBuildConfiguration;
			buildSettings = {
				ASSETCATALOG_COMPILER_APPICON_NAME = AppIcon;
				INFOPLIST_FILE = SwiftLanguage/Info.plist;
				LD_RUNPATH_SEARCH_PATHS = "$(inherited) @executable_path/Frameworks";
				PRODUCT_NAME = "$(TARGET_NAME)";
			};
			name = Debug;
		};
		461059061A5100CC001FCF43 /* Release */ = {
			isa = XCBuildConfiguration;
			buildSettings = {
				ASSETCATALOG_COMPILER_APPICON_NAME = AppIcon;
				INFOPLIST_FILE = SwiftLanguage/Info.plist;
				LD_RUNPATH_SEARCH_PATHS = "$(inherited) @executable_path/Frameworks";
				PRODUCT_NAME = "$(TARGET_NAME)";
			};
			name = Release;
		};
		461059081A5100CC001FCF43 /* Debug */ = {
			isa = XCBuildConfiguration;
			buildSettings = {
				BUNDLE_LOADER = "$(TEST_HOST)";
				FRAMEWORK_SEARCH_PATHS = (
					"$(SDKROOT)/Developer/Library/Frameworks",
					"$(inherited)",
				);
				GCC_PREPROCESSOR_DEFINITIONS = (
					"DEBUG=1",
					"$(inherited)",
				);
				INFOPLIST_FILE = SwiftLanguageTests/Info.plist;
				LD_RUNPATH_SEARCH_PATHS = "$(inherited) @executable_path/Frameworks @loader_path/Frameworks";
				PRODUCT_NAME = "$(TARGET_NAME)";
				TEST_HOST = "$(BUILT_PRODUCTS_DIR)/SwiftLanguage.app/SwiftLanguage";
			};
			name = Debug;
		};
		461059091A5100CC001FCF43 /* Release */ = {
			isa = XCBuildConfiguration;
			buildSettings = {
				BUNDLE_LOADER = "$(TEST_HOST)";
				FRAMEWORK_SEARCH_PATHS = (
					"$(SDKROOT)/Developer/Library/Frameworks",
					"$(inherited)",
				);
				INFOPLIST_FILE = SwiftLanguageTests/Info.plist;
				LD_RUNPATH_SEARCH_PATHS = "$(inherited) @executable_path/Frameworks @loader_path/Frameworks";
				PRODUCT_NAME = "$(TARGET_NAME)";
				TEST_HOST = "$(BUILT_PRODUCTS_DIR)/SwiftLanguage.app/SwiftLanguage";
			};
			name = Release;
		};
/* End XCBuildConfiguration section */

/* Begin XCConfigurationList section */
		461058DC1A5100CC001FCF43 /* Build configuration list for PBXProject "SwiftLanguage" */ = {
			isa = XCConfigurationList;
			buildConfigurations = (
				461059021A5100CC001FCF43 /* Debug */,
				461059031A5100CC001FCF43 /* Release */,
			);
			defaultConfigurationIsVisible = 0;
			defaultConfigurationName = Release;
		};
		461059041A5100CC001FCF43 /* Build configuration list for PBXNativeTarget "SwiftLanguage" */ = {
			isa = XCConfigurationList;
			buildConfigurations = (
				461059051A5100CC001FCF43 /* Debug */,
				461059061A5100CC001FCF43 /* Release */,
			);
			defaultConfigurationIsVisible = 0;
			defaultConfigurationName = Release;
		};
		461059071A5100CC001FCF43 /* Build configuration list for PBXNativeTarget "SwiftLanguageTests" */ = {
			isa = XCConfigurationList;
			buildConfigurations = (
				461059081A5100CC001FCF43 /* Debug */,
				461059091A5100CC001FCF43 /* Release */,
			);
			defaultConfigurationIsVisible = 0;
			defaultConfigurationName = Release;
		};
/* End XCConfigurationList section */
	};
	rootObject = 461058D91A5100CC001FCF43 /* Project object */;
}
